
Microsoft Visual Studio Solution File, Format Version 12.00
# Visual Studio Version 16
VisualStudioVersion = 16.0.28407.52
MinimumVisualStudioVersion = 10.0.40219.1
Project("{9A19103F-16F7-4668-BE54-9A1E7A4F7556}") = "EntityFramework.SequentialNumbering", "src\EntityFramework.SequentialNumbering\EntityFramework.SequentialNumbering.csproj", "{5661A3F1-5613-4036-8BF9-FEDB52CD88D0}"
EndProject
Global
	GlobalSection(SolutionConfigurationPlatforms) = preSolution
		Debug|Any CPU = Debug|Any CPU
		Release|Any CPU = Release|Any CPU
	EndGlobalSection
	GlobalSection(ProjectConfigurationPlatforms) = postSolution
		{5661A3F1-5613-4036-8BF9-FEDB52CD88D0}.Debug|Any CPU.ActiveCfg = Debug|Any CPU
		{5661A3F1-5613-4036-8BF9-FEDB52CD88D0}.Debug|Any CPU.Build.0 = Debug|Any CPU
		{5661A3F1-5613-4036-8BF9-FEDB52CD88D0}.Release|Any CPU.ActiveCfg = Release|Any CPU
		{5661A3F1-5613-4036-8BF9-FEDB52CD88D0}.Release|Any CPU.Build.0 = Release|Any CPU
	EndGlobalSection
	GlobalSection(SolutionProperties) = preSolution
		HideSolutionNode = FALSE
	EndGlobalSection
	GlobalSection(ExtensibilityGlobals) = postSolution
		SolutionGuid = {CBDDC7C5-099A-4408-ACB3-9441476A3624}
	EndGlobalSection
EndGlobal
